// !$*UTF8*$!
{
	archiveVersion = 1;
	classes = {
	};
	objectVersion = 48;
	objects = {

/* Begin PBXBuildFile section */
		3E60CAF420945369008E814D /* Assets.xcassets in Resources */ = {isa = PBXBuildFile; fileRef = 3E60CAF320945369008E814D /* Assets.xcassets */; };
		3E60CAF720945369008E814D /* LaunchScreen.storyboard in Resources */ = {isa = PBXBuildFile; fileRef = 3E60CAF520945369008E814D /* LaunchScreen.storyboard */; };
		3E60CB0220945369008E814D /* NBCUNewsReaderTests.swift in Sources */ = {isa = PBXBuildFile; fileRef = 3E60CB0120945369008E814D /* NBCUNewsReaderTests.swift */; };
		3E60CB1B20945424008E814D /* NewsItem+CoreDataProperties.swift in Sources */ = {isa = PBXBuildFile; fileRef = 3E60CB0C20945423008E814D /* NewsItem+CoreDataProperties.swift */; };
		3E60CB1E20945424008E814D /* MasterViewController.swift in Sources */ = {isa = PBXBuildFile; fileRef = 3E60CB1220945423008E814D /* MasterViewController.swift */; };
		3E60CB1F20945424008E814D /* CoreDataStack.swift in Sources */ = {isa = PBXBuildFile; fileRef = 3E60CB1320945424008E814D /* CoreDataStack.swift */; };
		3E60CB2020945424008E814D /* news.xcdatamodeld in Sources */ = {isa = PBXBuildFile; fileRef = 3E60CB1420945424008E814D /* news.xcdatamodeld */; };
		3E60CB2120945424008E814D /* NewsItem+CoreDataClass.swift in Sources */ = {isa = PBXBuildFile; fileRef = 3E60CB1620945424008E814D /* NewsItem+CoreDataClass.swift */; };
		3E60CB2220945424008E814D /* NewsService.swift in Sources */ = {isa = PBXBuildFile; fileRef = 3E60CB1720945424008E814D /* NewsService.swift */; };
		3E60CB2320945424008E814D /* Main.storyboard in Resources */ = {isa = PBXBuildFile; fileRef = 3E60CB1820945424008E814D /* Main.storyboard */; };
		3E60CB2420945424008E814D /* AppDelegate.swift in Sources */ = {isa = PBXBuildFile; fileRef = 3E60CB1920945424008E814D /* AppDelegate.swift */; };
		3E60CB2520945424008E814D /* DetailViewController.swift in Sources */ = {isa = PBXBuildFile; fileRef = 3E60CB1A20945424008E814D /* DetailViewController.swift */; };
		3E60CB312098043E008E814D /* HeadlineListModel.swift in Sources */ = {isa = PBXBuildFile; fileRef = 3E60CB302098043E008E814D /* HeadlineListModel.swift */; };
/* End PBXBuildFile section */

/* Begin PBXContainerItemProxy section */
		3E60CAFE20945369008E814D /* PBXContainerItemProxy */ = {
			isa = PBXContainerItemProxy;
			containerPortal = 3E60CADF20945369008E814D /* Project object */;
			proxyType = 1;
			remoteGlobalIDString = 3E60CAE620945369008E814D;
			remoteInfo = NBCUNewsReader;
		};
/* End PBXContainerItemProxy section */

/* Begin PBXFileReference section */
		3E60CAE720945369008E814D /* NBCUNewsReader.app */ = {isa = PBXFileReference; explicitFileType = wrapper.application; includeInIndex = 0; path = NBCUNewsReader.app; sourceTree = BUILT_PRODUCTS_DIR; };
		3E60CAF320945369008E814D /* Assets.xcassets */ = {isa = PBXFileReference; lastKnownFileType = folder.assetcatalog; path = Assets.xcassets; sourceTree = "<group>"; };
		3E60CAF620945369008E814D /* Base */ = {isa = PBXFileReference; lastKnownFileType = file.storyboard; name = Base; path = Base.lproj/LaunchScreen.storyboard; sourceTree = "<group>"; };
		3E60CAF820945369008E814D /* Info.plist */ = {isa = PBXFileReference; lastKnownFileType = text.plist.xml; path = Info.plist; sourceTree = "<group>"; };
		3E60CAFD20945369008E814D /* NBCUNewsReaderTests.xctest */ = {isa = PBXFileReference; explicitFileType = wrapper.cfbundle; includeInIndex = 0; path = NBCUNewsReaderTests.xctest; sourceTree = BUILT_PRODUCTS_DIR; };
		3E60CB0120945369008E814D /* NBCUNewsReaderTests.swift */ = {isa = PBXFileReference; lastKnownFileType = sourcecode.swift; path = NBCUNewsReaderTests.swift; sourceTree = "<group>"; };
		3E60CB0320945369008E814D /* Info.plist */ = {isa = PBXFileReference; lastKnownFileType = text.plist.xml; path = Info.plist; sourceTree = "<group>"; };
		3E60CB0C20945423008E814D /* NewsItem+CoreDataProperties.swift */ = {isa = PBXFileReference; fileEncoding = 4; lastKnownFileType = sourcecode.swift; path = "NewsItem+CoreDataProperties.swift"; sourceTree = "<group>"; };
		3E60CB1220945423008E814D /* MasterViewController.swift */ = {isa = PBXFileReference; fileEncoding = 4; lastKnownFileType = sourcecode.swift; path = MasterViewController.swift; sourceTree = "<group>"; };
		3E60CB1320945424008E814D /* CoreDataStack.swift */ = {isa = PBXFileReference; fileEncoding = 4; lastKnownFileType = sourcecode.swift; path = CoreDataStack.swift; sourceTree = "<group>"; };
		3E60CB1520945424008E814D /* news.xcdatamodel */ = {isa = PBXFileReference; lastKnownFileType = wrapper.xcdatamodel; path = news.xcdatamodel; sourceTree = "<group>"; };
		3E60CB1620945424008E814D /* NewsItem+CoreDataClass.swift */ = {isa = PBXFileReference; fileEncoding = 4; lastKnownFileType = sourcecode.swift; path = "NewsItem+CoreDataClass.swift"; sourceTree = "<group>"; };
		3E60CB1720945424008E814D /* NewsService.swift */ = {isa = PBXFileReference; fileEncoding = 4; lastKnownFileType = sourcecode.swift; path = NewsService.swift; sourceTree = "<group>"; };
		3E60CB1820945424008E814D /* Main.storyboard */ = {isa = PBXFileReference; fileEncoding = 4; lastKnownFileType = file.storyboard; path = Main.storyboard; sourceTree = "<group>"; };
		3E60CB1920945424008E814D /* AppDelegate.swift */ = {isa = PBXFileReference; fileEncoding = 4; lastKnownFileType = sourcecode.swift; path = AppDelegate.swift; sourceTree = "<group>"; };
		3E60CB1A20945424008E814D /* DetailViewController.swift */ = {isa = PBXFileReference; fileEncoding = 4; lastKnownFileType = sourcecode.swift; path = DetailViewController.swift; sourceTree = "<group>"; };
		3E60CB302098043E008E814D /* HeadlineListModel.swift */ = {isa = PBXFileReference; lastKnownFileType = sourcecode.swift; path = HeadlineListModel.swift; sourceTree = "<group>"; };
/* End PBXFileReference section */

/* Begin PBXFrameworksBuildPhase section */
		3E60CAE420945369008E814D /* Frameworks */ = {
			isa = PBXFrameworksBuildPhase;
			buildActionMask = 2147483647;
			files = (
			);
			runOnlyForDeploymentPostprocessing = 0;
		};
		3E60CAFA20945369008E814D /* Frameworks */ = {
			isa = PBXFrameworksBuildPhase;
			buildActionMask = 2147483647;
			files = (
			);
			runOnlyForDeploymentPostprocessing = 0;
		};
/* End PBXFrameworksBuildPhase section */

/* Begin PBXGroup section */
		3E60CADE20945369008E814D = {
			isa = PBXGroup;
			children = (
				3E60CAE920945369008E814D /* NBCUNewsReader */,
				3E60CB0020945369008E814D /* NBCUNewsReaderTests */,
				3E60CAE820945369008E814D /* Products */,
			);
			sourceTree = "<group>";
		};
		3E60CAE820945369008E814D /* Products */ = {
			isa = PBXGroup;
			children = (
				3E60CAE720945369008E814D /* NBCUNewsReader.app */,
				3E60CAFD20945369008E814D /* NBCUNewsReaderTests.xctest */,
			);
			name = Products;
			sourceTree = "<group>";
		};
		3E60CAE920945369008E814D /* NBCUNewsReader */ = {
			isa = PBXGroup;
			children = (
				3E60CB1920945424008E814D /* AppDelegate.swift */,
				3E60CB1320945424008E814D /* CoreDataStack.swift */,
				3E60CB1A20945424008E814D /* DetailViewController.swift */,
				3E60CB1820945424008E814D /* Main.storyboard */,
				3E60CB1220945423008E814D /* MasterViewController.swift */,
				3E60CB302098043E008E814D /* HeadlineListModel.swift */,
				3E60CB1420945424008E814D /* news.xcdatamodeld */,
				3E60CB1620945424008E814D /* NewsItem+CoreDataClass.swift */,
				3E60CB0C20945423008E814D /* NewsItem+CoreDataProperties.swift */,
				3E60CB1720945424008E814D /* NewsService.swift */,
				3E60CAF320945369008E814D /* Assets.xcassets */,
				3E60CAF520945369008E814D /* LaunchScreen.storyboard */,
				3E60CAF820945369008E814D /* Info.plist */,
			);
			path = NBCUNewsReader;
			sourceTree = "<group>";
		};
		3E60CB0020945369008E814D /* NBCUNewsReaderTests */ = {
			isa = PBXGroup;
			children = (
				3E60CB0120945369008E814D /* NBCUNewsReaderTests.swift */,
				3E60CB0320945369008E814D /* Info.plist */,
			);
			path = NBCUNewsReaderTests;
			sourceTree = "<group>";
		};
/* End PBXGroup section */

/* Begin PBXNativeTarget section */
		3E60CAE620945369008E814D /* NBCUNewsReader */ = {
			isa = PBXNativeTarget;
			buildConfigurationList = 3E60CB0620945369008E814D /* Build configuration list for PBXNativeTarget "NBCUNewsReader" */;
			buildPhases = (
				3E60CAE320945369008E814D /* Sources */,
				3E60CAE420945369008E814D /* Frameworks */,
				3E60CAE520945369008E814D /* Resources */,
			);
			buildRules = (
			);
			dependencies = (
			);
			name = NBCUNewsReader;
			productName = NBCUNewsReader;
			productReference = 3E60CAE720945369008E814D /* NBCUNewsReader.app */;
			productType = "com.apple.product-type.application";
		};
		3E60CAFC20945369008E814D /* NBCUNewsReaderTests */ = {
			isa = PBXNativeTarget;
			buildConfigurationList = 3E60CB0920945369008E814D /* Build configuration list for PBXNativeTarget "NBCUNewsReaderTests" */;
			buildPhases = (
				3E60CAF920945369008E814D /* Sources */,
				3E60CAFA20945369008E814D /* Frameworks */,
				3E60CAFB20945369008E814D /* Resources */,
			);
			buildRules = (
			);
			dependencies = (
				3E60CAFF20945369008E814D /* PBXTargetDependency */,
			);
			name = NBCUNewsReaderTests;
			productName = NBCUNewsReaderTests;
			productReference = 3E60CAFD20945369008E814D /* NBCUNewsReaderTests.xctest */;
			productType = "com.apple.product-type.bundle.unit-test";
		};
/* End PBXNativeTarget section */

/* Begin PBXProject section */
		3E60CADF20945369008E814D /* Project object */ = {
			isa = PBXProject;
			attributes = {
				LastSwiftUpdateCheck = 0920;
				LastUpgradeCheck = 0920;
				ORGANIZATIONNAME = "Carlos Rodriguez";
				TargetAttributes = {
					3E60CAE620945369008E814D = {
						CreatedOnToolsVersion = 9.2;
						LastSwiftMigration = 0920;
						ProvisioningStyle = Automatic;
					};
					3E60CAFC20945369008E814D = {
						CreatedOnToolsVersion = 9.2;
						ProvisioningStyle = Automatic;
						TestTargetID = 3E60CAE620945369008E814D;
					};
				};
			};
			buildConfigurationList = 3E60CAE220945369008E814D /* Build configuration list for PBXProject "NBCUNewsReader" */;
			compatibilityVersion = "Xcode 8.0";
			developmentRegion = en;
			hasScannedForEncodings = 0;
			knownRegions = (
				en,
				Base,
			);
			mainGroup = 3E60CADE20945369008E814D;
			productRefGroup = 3E60CAE820945369008E814D /* Products */;
			projectDirPath = "";
			projectRoot = "";
			targets = (
				3E60CAE620945369008E814D /* NBCUNewsReader */,
				3E60CAFC20945369008E814D /* NBCUNewsReaderTests */,
			);
		};
/* End PBXProject section */

/* Begin PBXResourcesBuildPhase section */
		3E60CAE520945369008E814D /* Resources */ = {
			isa = PBXResourcesBuildPhase;
			buildActionMask = 2147483647;
			files = (
				3E60CB2320945424008E814D /* Main.storyboard in Resources */,
				3E60CAF720945369008E814D /* LaunchScreen.storyboard in Resources */,
				3E60CAF420945369008E814D /* Assets.xcassets in Resources */,
			);
			runOnlyForDeploymentPostprocessing = 0;
		};
		3E60CAFB20945369008E814D /* Resources */ = {
			isa = PBXResourcesBuildPhase;
			buildActionMask = 2147483647;
			files = (
			);
			runOnlyForDeploymentPostprocessing = 0;
		};
/* End PBXResourcesBuildPhase section */

/* Begin PBXSourcesBuildPhase section */
		3E60CAE320945369008E814D /* Sources */ = {
			isa = PBXSourcesBuildPhase;
			buildActionMask = 2147483647;
			files = (
				3E60CB312098043E008E814D /* HeadlineListModel.swift in Sources */,
				3E60CB2220945424008E814D /* NewsService.swift in Sources */,
				3E60CB2120945424008E814D /* NewsItem+CoreDataClass.swift in Sources */,
				3E60CB1F20945424008E814D /* CoreDataStack.swift in Sources */,
				3E60CB1E20945424008E814D /* MasterViewController.swift in Sources */,
				3E60CB2420945424008E814D /* AppDelegate.swift in Sources */,
				3E60CB2020945424008E814D /* news.xcdatamodeld in Sources */,
				3E60CB1B20945424008E814D /* NewsItem+CoreDataProperties.swift in Sources */,
				3E60CB2520945424008E814D /* DetailViewController.swift in Sources */,
			);
			runOnlyForDeploymentPostprocessing = 0;
		};
		3E60CAF920945369008E814D /* Sources */ = {
			isa = PBXSourcesBuildPhase;
			buildActionMask = 2147483647;
			files = (
				3E60CB0220945369008E814D /* NBCUNewsReaderTests.swift in Sources */,
			);
			runOnlyForDeploymentPostprocessing = 0;
		};
/* End PBXSourcesBuildPhase section */

/* Begin PBXTargetDependency section */
		3E60CAFF20945369008E814D /* PBXTargetDependency */ = {
			isa = PBXTargetDependency;
			target = 3E60CAE620945369008E814D /* NBCUNewsReader */;
			targetProxy = 3E60CAFE20945369008E814D /* PBXContainerItemProxy */;
		};
/* End PBXTargetDependency section */

/* Begin PBXVariantGroup section */
		3E60CAF520945369008E814D /* LaunchScreen.storyboard */ = {
			isa = PBXVariantGroup;
			children = (
				3E60CAF620945369008E814D /* Base */,
			);
			name = LaunchScreen.storyboard;
			sourceTree = "<group>";
		};
/* End PBXVariantGroup section */

/* Begin XCBuildConfiguration section */
		3E60CB0420945369008E814D /* Debug */ = {
			isa = XCBuildConfiguration;
			buildSettings = {
				ALWAYS_SEARCH_USER_PATHS = NO;
				CLANG_ANALYZER_NONNULL = YES;
				CLANG_ANALYZER_NUMBER_OBJECT_CONVERSION = YES_AGGRESSIVE;
				CLANG_CXX_LANGUAGE_STANDARD = "gnu++14";
				CLANG_CXX_LIBRARY = "libc++";
				CLANG_ENABLE_MODULES = YES;
				CLANG_ENABLE_OBJC_ARC = YES;
				CLANG_WARN_BLOCK_CAPTURE_AUTORELEASING = YES;
				CLANG_WARN_BOOL_CONVERSION = YES;
				CLANG_WARN_COMMA = YES;
				CLANG_WARN_CONSTANT_CONVERSION = YES;
				CLANG_WARN_DIRECT_OBJC_ISA_USAGE = YES_ERROR;
				CLANG_WARN_DOCUMENTATION_COMMENTS = YES;
				CLANG_WARN_EMPTY_BODY = YES;
				CLANG_WARN_ENUM_CONVERSION = YES;
				CLANG_WARN_INFINITE_RECURSION = YES;
				CLANG_WARN_INT_CONVERSION = YES;
				CLANG_WARN_NON_LITERAL_NULL_CONVERSION = YES;
				CLANG_WARN_OBJC_LITERAL_CONVERSION = YES;
				CLANG_WARN_OBJC_ROOT_CLASS = YES_ERROR;
				CLANG_WARN_RANGE_LOOP_ANALYSIS = YES;
				CLANG_WARN_STRICT_PROTOTYPES = YES;
				CLANG_WARN_SUSPICIOUS_MOVE = YES;
				CLANG_WARN_UNGUARDED_AVAILABILITY = YES_AGGRESSIVE;
				CLANG_WARN_UNREACHABLE_CODE = YES;
				CLANG_WARN__DUPLICATE_METHOD_MATCH = YES;
				CODE_SIGN_IDENTITY = "iPhone Developer";
				COPY_PHASE_STRIP = NO;
				DEBUG_INFORMATION_FORMAT = dwarf;
				ENABLE_STRICT_OBJC_MSGSEND = YES;
				ENABLE_TESTABILITY = YES;
				GCC_C_LANGUAGE_STANDARD = gnu11;
				GCC_DYNAMIC_NO_PIC = NO;
				GCC_NO_COMMON_BLOCKS = YES;
				GCC_OPTIMIZATION_LEVEL = 0;
				GCC_PREPROCESSOR_DEFINITIONS = (
					"DEBUG=1",
					"$(inherited)",
				);
				GCC_WARN_64_TO_32_BIT_CONVERSION = YES;
				GCC_WARN_ABOUT_RETURN_TYPE = YES_ERROR;
				GCC_WARN_UNDECLARED_SELECTOR = YES;
				GCC_WARN_UNINITIALIZED_AUTOS = YES_AGGRESSIVE;
				GCC_WARN_UNUSED_FUNCTION = YES;
				GCC_WARN_UNUSED_VARIABLE = YES;
				IPHONEOS_DEPLOYMENT_TARGET = 11.2;
				MTL_ENABLE_DEBUG_INFO = YES;
				ONLY_ACTIVE_ARCH = YES;
				SDKROOT = iphoneos;
				SWIFT_ACTIVE_COMPILATION_CONDITIONS = DEBUG;
				SWIFT_OPTIMIZATION_LEVEL = "-Onone";
			};
			name = Debug;
		};
		3E60CB0520945369008E814D /* Release */ = {
			isa = XCBuildConfiguration;
			buildSettings = {
				ALWAYS_SEARCH_USER_PATHS = NO;
				CLANG_ANALYZER_NONNULL = YES;
				CLANG_ANALYZER_NUMBER_OBJECT_CONVERSION = YES_AGGRESSIVE;
				CLANG_CXX_LANGUAGE_STANDARD = "gnu++14";
				CLANG_CXX_LIBRARY = "libc++";
				CLANG_ENABLE_MODULES = YES;
				CLANG_ENABLE_OBJC_ARC = YES;
				CLANG_WARN_BLOCK_CAPTURE_AUTORELEASING = YES;
				CLANG_WARN_BOOL_CONVERSION = YES;
				CLANG_WARN_COMMA = YES;
				CLANG_WARN_CONSTANT_CONVERSION = YES;
				CLANG_WARN_DIRECT_OBJC_ISA_USAGE = YES_ERROR;
				CLANG_WARN_DOCUMENTATION_COMMENTS = YES;
				CLANG_WARN_EMPTY_BODY = YES;
				CLANG_WARN_ENUM_CONVERSION = YES;
				CLANG_WARN_INFINITE_RECURSION = YES;
				CLANG_WARN_INT_CONVERSION = YES;
				CLANG_WARN_NON_LITERAL_NULL_CONVERSION = YES;
				CLANG_WARN_OBJC_LITERAL_CONVERSION = YES;
				CLANG_WARN_OBJC_ROOT_CLASS = YES_ERROR;
				CLANG_WARN_RANGE_LOOP_ANALYSIS = YES;
				CLANG_WARN_STRICT_PROTOTYPES = YES;
				CLANG_WARN_SUSPICIOUS_MOVE = YES;
				CLANG_WARN_UNGUARDED_AVAILABILITY = YES_AGGRESSIVE;
				CLANG_WARN_UNREACHABLE_CODE = YES;
				CLANG_WARN__DUPLICATE_METHOD_MATCH = YES;
				CODE_SIGN_IDENTITY = "iPhone Developer";
				COPY_PHASE_STRIP = NO;
				DEBUG_INFORMATION_FORMAT = "dwarf-with-dsym";
				ENABLE_NS_ASSERTIONS = NO;
				ENABLE_STRICT_OBJC_MSGSEND = YES;
				GCC_C_LANGUAGE_STANDARD = gnu11;
				GCC_NO_COMMON_BLOCKS = YES;
				GCC_WARN_64_TO_32_BIT_CONVERSION = YES;
				GCC_WARN_ABOUT_RETURN_TYPE = YES_ERROR;
				GCC_WARN_UNDECLARED_SELECTOR = YES;
				GCC_WARN_UNINITIALIZED_AUTOS = YES_AGGRESSIVE;
				GCC_WARN_UNUSED_FUNCTION = YES;
				GCC_WARN_UNUSED_VARIABLE = YES;
				IPHONEOS_DEPLOYMENT_TARGET = 11.2;
				MTL_ENABLE_DEBUG_INFO = NO;
				SDKROOT = iphoneos;
				SWIFT_OPTIMIZATION_LEVEL = "-Owholemodule";
				VALIDATE_PRODUCT = YES;
			};
			name = Release;
		};
		3E60CB0720945369008E814D /* Debug */ = {
			isa = XCBuildConfiguration;
			buildSettings = {
				ASSETCATALOG_COMPILER_APPICON_NAME = AppIcon;
				CLANG_ENABLE_MODULES = YES;
				CODE_SIGN_STYLE = Automatic;
				INFOPLIST_FILE = NBCUNewsReader/Info.plist;
				LD_RUNPATH_SEARCH_PATHS = "$(inherited) @executable_path/Frameworks";
				PRODUCT_BUNDLE_IDENTIFIER = ad.NBCUNewsReader;
				PRODUCT_NAME = "$(TARGET_NAME)";
				SWIFT_OPTIMIZATION_LEVEL = "-Onone";
				SWIFT_VERSION = 4.0;
				TARGETED_DEVICE_FAMILY = "1,2";
			};
			name = Debug;
		};
		3E60CB0820945369008E814D /* Release */ = {
			isa = XCBuildConfiguration;
			buildSettings = {
				ASSETCATALOG_COMPILER_APPICON_NAME = AppIcon;
				CLANG_ENABLE_MODULES = YES;
				CODE_SIGN_STYLE = Automatic;
				INFOPLIST_FILE = NBCUNewsReader/Info.plist;
				LD_RUNPATH_SEARCH_PATHS = "$(inherited) @executable_path/Frameworks";
				PRODUCT_BUNDLE_IDENTIFIER = ad.NBCUNewsReader;
				PRODUCT_NAME = "$(TARGET_NAME)";
				SWIFT_VERSION = 4.0;
				TARGETED_DEVICE_FAMILY = "1,2";
			};
			name = Release;
		};
		3E60CB0A20945369008E814D /* Debug */ = {
			isa = XCBuildConfiguration;
			buildSettings = {
				ALWAYS_EMBED_SWIFT_STANDARD_LIBRARIES = YES;
				BUNDLE_LOADER = "$(TEST_HOST)";
				CODE_SIGN_STYLE = Automatic;
				INFOPLIST_FILE = NBCUNewsReaderTests/Info.plist;
				LD_RUNPATH_SEARCH_PATHS = "$(inherited) @executable_path/Frameworks @loader_path/Frameworks";
				PRODUCT_BUNDLE_IDENTIFIER = ad.NBCUNewsReaderTests;
				PRODUCT_NAME = "$(TARGET_NAME)";
				SWIFT_VERSION = 4.0;
				TARGETED_DEVICE_FAMILY = "1,2";
				TEST_HOST = "$(BUILT_PRODUCTS_DIR)/NBCUNewsReader.app/NBCUNewsReader";
			};
			name = Debug;
		};
		3E60CB0B20945369008E814D /* Release */ = {
			isa = XCBuildConfiguration;
			buildSettings = {
				ALWAYS_EMBED_SWIFT_STANDARD_LIBRARIES = YES;
				BUNDLE_LOADER = "$(TEST_HOST)";
				CODE_SIGN_STYLE = Automatic;
				INFOPLIST_FILE = NBCUNewsReaderTests/Info.plist;
				LD_RUNPATH_SEARCH_PATHS = "$(inherited) @executable_path/Frameworks @loader_path/Frameworks";
				PRODUCT_BUNDLE_IDENTIFIER = ad.NBCUNewsReaderTests;
				PRODUCT_NAME = "$(TARGET_NAME)";
				SWIFT_VERSION = 4.0;
				TARGETED_DEVICE_FAMILY = "1,2";
				TEST_HOST = "$(BUILT_PRODUCTS_DIR)/NBCUNewsReader.app/NBCUNewsReader";
			};
			name = Release;
		};
/* End XCBuildConfiguration section */

/* Begin XCConfigurationList section */
		3E60CAE220945369008E814D /* Build configuration list for PBXProject "NBCUNewsReader" */ = {
			isa = XCConfigurationList;
			buildConfigurations = (
				3E60CB0420945369008E814D /* Debug */,
				3E60CB0520945369008E814D /* Release */,
			);
			defaultConfigurationIsVisible = 0;
			defaultConfigurationName = Release;
		};
		3E60CB0620945369008E814D /* Build configuration list for PBXNativeTarget "NBCUNewsReader" */ = {
			isa = XCConfigurationList;
			buildConfigurations = (
				3E60CB0720945369008E814D /* Debug */,
				3E60CB0820945369008E814D /* Release */,
			);
			defaultConfigurationIsVisible = 0;
			defaultConfigurationName = Release;
		};
		3E60CB0920945369008E814D /* Build configuration list for PBXNativeTarget "NBCUNewsReaderTests" */ = {
			isa = XCConfigurationList;
			buildConfigurations = (
				3E60CB0A20945369008E814D /* Debug */,
				3E60CB0B20945369008E814D /* Release */,
			);
			defaultConfigurationIsVisible = 0;
			defaultConfigurationName = Release;
		};
/* End XCConfigurationList section */

/* Begin XCVersionGroup section */
		3E60CB1420945424008E814D /* news.xcdatamodeld */ = {
			isa = XCVersionGroup;
			children = (
				3E60CB1520945424008E814D /* news.xcdatamodel */,
			);
			currentVersion = 3E60CB1520945424008E814D /* news.xcdatamodel */;
			path = news.xcdatamodeld;
			sourceTree = "<group>";
			versionGroupType = wrapper.xcdatamodel;
		};
/* End XCVersionGroup section */
	};
	rootObject = 3E60CADF20945369008E814D /* Project object */;
}
